
Microsoft Visual Studio Solution File, Format Version 12.00
# Visual Studio 2015
Project("{FAE04EC0-301F-11D3-BF4B-00C04F79EFBC}") = "LightHouse War.CSharp.Plugins", "LightHouse War.CSharp.Plugins.csproj", "{8E9F03FB-1F15-E5A6-20AD-EAB8837EEB7B}"
EndProject
Project("{FAE04EC0-301F-11D3-BF4B-00C04F79EFBC}") = "LightHouse War.CSharp", "LightHouse War.CSharp.csproj", "{4683F2D9-8903-883D-A065-FA4CA00E047E}"
EndProject
Global
	GlobalSection(SolutionConfigurationPlatforms) = preSolution
		Debug|Any CPU = Debug|Any CPU
		Release|Any CPU = Release|Any CPU
	EndGlobalSection
	GlobalSection(ProjectConfigurationPlatforms) = postSolution
		{8E9F03FB-1F15-E5A6-20AD-EAB8837EEB7B}.Debug|Any CPU.ActiveCfg = Debug|Any CPU
		{8E9F03FB-1F15-E5A6-20AD-EAB8837EEB7B}.Debug|Any CPU.Build.0 = Debug|Any CPU
		{8E9F03FB-1F15-E5A6-20AD-EAB8837EEB7B}.Release|Any CPU.ActiveCfg = Release|Any CPU
		{8E9F03FB-1F15-E5A6-20AD-EAB8837EEB7B}.Release|Any CPU.Build.0 = Release|Any CPU
		{4683F2D9-8903-883D-A065-FA4CA00E047E}.Debug|Any CPU.ActiveCfg = Debug|Any CPU
		{4683F2D9-8903-883D-A065-FA4CA00E047E}.Debug|Any CPU.Build.0 = Debug|Any CPU
		{4683F2D9-8903-883D-A065-FA4CA00E047E}.Release|Any CPU.ActiveCfg = Release|Any CPU
		{4683F2D9-8903-883D-A065-FA4CA00E047E}.Release|Any CPU.Build.0 = Release|Any CPU
	EndGlobalSection
	GlobalSection(SolutionProperties) = preSolution
		HideSolutionNode = FALSE
	EndGlobalSection
EndGlobal
