Microsoft Visual Studio Solution File, Format Version 11.00
# Visual Studio 2008

Project("{B03386E3-C545-9EB6-CF84-3AF39ED23C1E}") = "LightHouse-War", "Assembly-CSharp-firstpass.csproj", "{47446C04-0A81-8D28-8E6D-B590F2E535D3}"
EndProject
Project("{B03386E3-C545-9EB6-CF84-3AF39ED23C1E}") = "LightHouse-War", "Assembly-CSharp.csproj", "{19389977-5D29-F311-8C0D-9436E4C2808D}"
EndProject
Project("{B03386E3-C545-9EB6-CF84-3AF39ED23C1E}") = "LightHouse-War", "Assembly-CSharp-Editor.csproj", "{FCA99A43-8868-11F5-9994-19ADB6474C3F}"
EndProject
Project("{B03386E3-C545-9EB6-CF84-3AF39ED23C1E}") = "LightHouse-War", "Assembly-UnityScript-firstpass.unityproj", "{110C4DC6-A8FE-BCEE-76A6-9FA81A2147A9}"
EndProject
Project("{B03386E3-C545-9EB6-CF84-3AF39ED23C1E}") = "LightHouse-War", "Assembly-UnityScript.unityproj", "{B9F12191-F217-013C-CE7A-6C6575E39A88}"
EndProject
Global
	GlobalSection(SolutionConfigurationPlatforms) = preSolution
		Debug|Any CPU = Debug|Any CPU
		Release|Any CPU = Release|Any CPU
	EndGlobalSection
	GlobalSection(ProjectConfigurationPlatforms) = postSolution
		{47446C04-0A81-8D28-8E6D-B590F2E535D3}.Debug|Any CPU.ActiveCfg = Debug|Any CPU
		{47446C04-0A81-8D28-8E6D-B590F2E535D3}.Debug|Any CPU.Build.0 = Debug|Any CPU
		{47446C04-0A81-8D28-8E6D-B590F2E535D3}.Release|Any CPU.ActiveCfg = Release|Any CPU
		{47446C04-0A81-8D28-8E6D-B590F2E535D3}.Release|Any CPU.Build.0 = Release|Any CPU
		{19389977-5D29-F311-8C0D-9436E4C2808D}.Debug|Any CPU.ActiveCfg = Debug|Any CPU
		{19389977-5D29-F311-8C0D-9436E4C2808D}.Debug|Any CPU.Build.0 = Debug|Any CPU
		{19389977-5D29-F311-8C0D-9436E4C2808D}.Release|Any CPU.ActiveCfg = Release|Any CPU
		{19389977-5D29-F311-8C0D-9436E4C2808D}.Release|Any CPU.Build.0 = Release|Any CPU
		{FCA99A43-8868-11F5-9994-19ADB6474C3F}.Debug|Any CPU.ActiveCfg = Debug|Any CPU
		{FCA99A43-8868-11F5-9994-19ADB6474C3F}.Debug|Any CPU.Build.0 = Debug|Any CPU
		{FCA99A43-8868-11F5-9994-19ADB6474C3F}.Release|Any CPU.ActiveCfg = Release|Any CPU
		{FCA99A43-8868-11F5-9994-19ADB6474C3F}.Release|Any CPU.Build.0 = Release|Any CPU
		{110C4DC6-A8FE-BCEE-76A6-9FA81A2147A9}.Debug|Any CPU.ActiveCfg = Debug|Any CPU
		{110C4DC6-A8FE-BCEE-76A6-9FA81A2147A9}.Debug|Any CPU.Build.0 = Debug|Any CPU
		{110C4DC6-A8FE-BCEE-76A6-9FA81A2147A9}.Release|Any CPU.ActiveCfg = Release|Any CPU
		{110C4DC6-A8FE-BCEE-76A6-9FA81A2147A9}.Release|Any CPU.Build.0 = Release|Any CPU
		{B9F12191-F217-013C-CE7A-6C6575E39A88}.Debug|Any CPU.ActiveCfg = Debug|Any CPU
		{B9F12191-F217-013C-CE7A-6C6575E39A88}.Debug|Any CPU.Build.0 = Debug|Any CPU
		{B9F12191-F217-013C-CE7A-6C6575E39A88}.Release|Any CPU.ActiveCfg = Release|Any CPU
		{B9F12191-F217-013C-CE7A-6C6575E39A88}.Release|Any CPU.Build.0 = Release|Any CPU
	EndGlobalSection
	GlobalSection(SolutionProperties) = preSolution
		HideSolutionNode = FALSE
	EndGlobalSection
	GlobalSection(MonoDevelopProperties) = preSolution
		StartupItem = Assembly-CSharp.csproj
	EndGlobalSection
EndGlobal
